// !$*UTF8*$!
{
	archiveVersion = 1;
	classes = {
	};
	objectVersion = 46;
	objects = {

/* Begin PBXBuildFile section */
		D60DFDAA1F58DD2E000A7241 /* FirebaseAnalytics.framework in Frameworks */ = {isa = PBXBuildFile; fileRef = D60DFDA91F58DD2E000A7241 /* FirebaseAnalytics.framework */; };
		D60DFDAC1F58E08B000A7241 /* FirebaseNanoPB.framework in Frameworks */ = {isa = PBXBuildFile; fileRef = D60DFDAB1F58E08B000A7241 /* FirebaseNanoPB.framework */; };
		D60DFDAE1F58E0C7000A7241 /* leveldb-library.framework in Frameworks */ = {isa = PBXBuildFile; fileRef = D60DFDAD1F58E0C7000A7241 /* leveldb-library.framework */; };
		D60DFDB01F58E0E0000A7241 /* GTMSessionFetcher.framework in Frameworks */ = {isa = PBXBuildFile; fileRef = D60DFDAF1F58E0E0000A7241 /* GTMSessionFetcher.framework */; };
		D60DFDB21F58E0FC000A7241 /* nanopb.framework in Frameworks */ = {isa = PBXBuildFile; fileRef = D60DFDB11F58E0FC000A7241 /* nanopb.framework */; };
		D61486BC1F58D03900FDF8A8 /* GVNGAppDelegate.swift in Sources */ = {isa = PBXBuildFile; fileRef = D61486BB1F58D03900FDF8A8 /* GVNGAppDelegate.swift */; };
		D61486C11F58D03900FDF8A8 /* Main.storyboard in Resources */ = {isa = PBXBuildFile; fileRef = D61486BF1F58D03900FDF8A8 /* Main.storyboard */; };
		D61486C31F58D03900FDF8A8 /* Assets.xcassets in Resources */ = {isa = PBXBuildFile; fileRef = D61486C21F58D03900FDF8A8 /* Assets.xcassets */; };
		D61486C61F58D03900FDF8A8 /* LaunchScreen.storyboard in Resources */ = {isa = PBXBuildFile; fileRef = D61486C41F58D03900FDF8A8 /* LaunchScreen.storyboard */; };
		D61486CE1F58D03E00FDF8A8 /* GoogleService-Info.plist in Resources */ = {isa = PBXBuildFile; fileRef = D61486CD1F58D03E00FDF8A8 /* GoogleService-Info.plist */; };
		D61486DB1F58D0F800FDF8A8 /* FirebaseCore.framework in Frameworks */ = {isa = PBXBuildFile; fileRef = D61486D41F58D0F800FDF8A8 /* FirebaseCore.framework */; };
		D61486DC1F58D0F800FDF8A8 /* FirebaseCoreDiagnostics.framework in Frameworks */ = {isa = PBXBuildFile; fileRef = D61486D51F58D0F800FDF8A8 /* FirebaseCoreDiagnostics.framework */; };
		D61486DD1F58D0F800FDF8A8 /* FirebaseInstanceID.framework in Frameworks */ = {isa = PBXBuildFile; fileRef = D61486D61F58D0F800FDF8A8 /* FirebaseInstanceID.framework */; };
		D61486E51F58D11300FDF8A8 /* FirebaseAuth.framework in Frameworks */ = {isa = PBXBuildFile; fileRef = D61486E31F58D11300FDF8A8 /* FirebaseAuth.framework */; };
		D61486E91F58D11C00FDF8A8 /* FirebaseDatabase.framework in Frameworks */ = {isa = PBXBuildFile; fileRef = D61486E71F58D11C00FDF8A8 /* FirebaseDatabase.framework */; };
		D61486ED1F58D58600FDF8A8 /* Security.framework in Frameworks */ = {isa = PBXBuildFile; fileRef = D61486EC1F58D58600FDF8A8 /* Security.framework */; };
		D61486EF1F58D58C00FDF8A8 /* SystemConfiguration.framework in Frameworks */ = {isa = PBXBuildFile; fileRef = D61486EE1F58D58C00FDF8A8 /* SystemConfiguration.framework */; };
		D61486F11F58D59200FDF8A8 /* CFNetwork.framework in Frameworks */ = {isa = PBXBuildFile; fileRef = D61486F01F58D59200FDF8A8 /* CFNetwork.framework */; };
		D61486F31F58D5A100FDF8A8 /* libc++.tbd in Frameworks */ = {isa = PBXBuildFile; fileRef = D61486F21F58D5A100FDF8A8 /* libc++.tbd */; };
		D61486F51F58D5A800FDF8A8 /* libicucore.tbd in Frameworks */ = {isa = PBXBuildFile; fileRef = D61486F41F58D5A800FDF8A8 /* libicucore.tbd */; };
		D6152E491F5B4F7E00078D09 /* LoginPhoneNumberViewController.swift in Sources */ = {isa = PBXBuildFile; fileRef = D6152E481F5B4F7E00078D09 /* LoginPhoneNumberViewController.swift */; };
		D619DC4E1F5B761000CA0E83 /* LoginErrorViewController.swift in Sources */ = {isa = PBXBuildFile; fileRef = D619DC4D1F5B761000CA0E83 /* LoginErrorViewController.swift */; };
		D619DC501F5B78DD00CA0E83 /* Instantiable.swift in Sources */ = {isa = PBXBuildFile; fileRef = D619DC4F1F5B78DD00CA0E83 /* Instantiable.swift */; };
		D619DC521F5B7EC600CA0E83 /* LoginVerificationCodeViewController.swift in Sources */ = {isa = PBXBuildFile; fileRef = D619DC511F5B7EC600CA0E83 /* LoginVerificationCodeViewController.swift */; };
		D619DC5E1F5C72EB00CA0E83 /* LoginMusicServiceSelectionViewController.swift in Sources */ = {isa = PBXBuildFile; fileRef = D619DC5D1F5C72EB00CA0E83 /* LoginMusicServiceSelectionViewController.swift */; };
		D619DC601F5C8FA100CA0E83 /* ServiceableApplicationDelegate.swift in Sources */ = {isa = PBXBuildFile; fileRef = D619DC5F1F5C8FA100CA0E83 /* ServiceableApplicationDelegate.swift */; };
		D657983F1F5C925B00C67CF3 /* FirebaseAppService.swift in Sources */ = {isa = PBXBuildFile; fileRef = D657983E1F5C925B00C67CF3 /* FirebaseAppService.swift */; };
		D65798411F5C92C300C67CF3 /* SpotifyAppService.swift in Sources */ = {isa = PBXBuildFile; fileRef = D65798401F5C92C300C67CF3 /* SpotifyAppService.swift */; };
		D65798431F5C92ED00C67CF3 /* PushNotificationsAppService.swift in Sources */ = {isa = PBXBuildFile; fileRef = D65798421F5C92ED00C67CF3 /* PushNotificationsAppService.swift */; };
		D65798671F5CA2DD00C67CF3 /* AlertOperation.swift in Sources */ = {isa = PBXBuildFile; fileRef = D65798461F5CA2DD00C67CF3 /* AlertOperation.swift */; };
		D65798681F5CA2DD00C67CF3 /* BlockObserver.swift in Sources */ = {isa = PBXBuildFile; fileRef = D65798471F5CA2DD00C67CF3 /* BlockObserver.swift */; };
		D65798691F5CA2DD00C67CF3 /* BlockOperation.swift in Sources */ = {isa = PBXBuildFile; fileRef = D65798481F5CA2DD00C67CF3 /* BlockOperation.swift */; };
		D657986A1F5CA2DD00C67CF3 /* CalendarCondition.swift in Sources */ = {isa = PBXBuildFile; fileRef = D65798491F5CA2DD00C67CF3 /* CalendarCondition.swift */; };
		D657986B1F5CA2DD00C67CF3 /* CKContainer+Operations.swift in Sources */ = {isa = PBXBuildFile; fileRef = D657984A1F5CA2DD00C67CF3 /* CKContainer+Operations.swift */; };
		D657986C1F5CA2DD00C67CF3 /* CloudCondition.swift in Sources */ = {isa = PBXBuildFile; fileRef = D657984B1F5CA2DD00C67CF3 /* CloudCondition.swift */; };
		D657986D1F5CA2DD00C67CF3 /* DelayOperation.swift in Sources */ = {isa = PBXBuildFile; fileRef = D657984C1F5CA2DD00C67CF3 /* DelayOperation.swift */; };
		D657986E1F5CA2DD00C67CF3 /* DependencySuccessCondition.swift in Sources */ = {isa = PBXBuildFile; fileRef = D657984D1F5CA2DD00C67CF3 /* DependencySuccessCondition.swift */; };
		D657986F1F5CA2DD00C67CF3 /* Dictionary+Operations.swift in Sources */ = {isa = PBXBuildFile; fileRef = D657984E1F5CA2DD00C67CF3 /* Dictionary+Operations.swift */; };
		D65798701F5CA2DD00C67CF3 /* ExclusivityController.swift in Sources */ = {isa = PBXBuildFile; fileRef = D657984F1F5CA2DD00C67CF3 /* ExclusivityController.swift */; };
		D65798711F5CA2DD00C67CF3 /* GroupOperation.swift in Sources */ = {isa = PBXBuildFile; fileRef = D65798501F5CA2DD00C67CF3 /* GroupOperation.swift */; };
		D65798721F5CA2DD00C67CF3 /* HealthCondition.swift in Sources */ = {isa = PBXBuildFile; fileRef = D65798511F5CA2DD00C67CF3 /* HealthCondition.swift */; };
		D65798731F5CA2DD00C67CF3 /* LocationCondition.swift in Sources */ = {isa = PBXBuildFile; fileRef = D65798521F5CA2DD00C67CF3 /* LocationCondition.swift */; };
		D65798741F5CA2DD00C67CF3 /* LocationOperation.swift in Sources */ = {isa = PBXBuildFile; fileRef = D65798531F5CA2DD00C67CF3 /* LocationOperation.swift */; };
		D65798751F5CA2DD00C67CF3 /* MutuallyExclusive.swift in Sources */ = {isa = PBXBuildFile; fileRef = D65798541F5CA2DD00C67CF3 /* MutuallyExclusive.swift */; };
		D65798761F5CA2DD00C67CF3 /* NegatedCondition.swift in Sources */ = {isa = PBXBuildFile; fileRef = D65798551F5CA2DD00C67CF3 /* NegatedCondition.swift */; };
		D65798771F5CA2DD00C67CF3 /* NetworkObserver.swift in Sources */ = {isa = PBXBuildFile; fileRef = D65798561F5CA2DD00C67CF3 /* NetworkObserver.swift */; };
		D65798781F5CA2DD00C67CF3 /* NoCancelledDependencies.swift in Sources */ = {isa = PBXBuildFile; fileRef = D65798571F5CA2DD00C67CF3 /* NoCancelledDependencies.swift */; };
		D65798791F5CA2DD00C67CF3 /* NSLock+Operations.swift in Sources */ = {isa = PBXBuildFile; fileRef = D65798581F5CA2DD00C67CF3 /* NSLock+Operations.swift */; };
		D657987A1F5CA2DD00C67CF3 /* NSOperation+Operations.swift in Sources */ = {isa = PBXBuildFile; fileRef = D65798591F5CA2DD00C67CF3 /* NSOperation+Operations.swift */; };
		D657987B1F5CA2DD00C67CF3 /* NSURL+CacheFiles.swift in Sources */ = {isa = PBXBuildFile; fileRef = D657985A1F5CA2DD00C67CF3 /* NSURL+CacheFiles.swift */; };
		D657987C1F5CA2DD00C67CF3 /* Operation.swift in Sources */ = {isa = PBXBuildFile; fileRef = D657985B1F5CA2DD00C67CF3 /* Operation.swift */; };
		D657987D1F5CA2DD00C67CF3 /* OperationCondition.swift in Sources */ = {isa = PBXBuildFile; fileRef = D657985C1F5CA2DD00C67CF3 /* OperationCondition.swift */; };
		D657987E1F5CA2DD00C67CF3 /* OperationErrors.swift in Sources */ = {isa = PBXBuildFile; fileRef = D657985D1F5CA2DD00C67CF3 /* OperationErrors.swift */; };
		D657987F1F5CA2DD00C67CF3 /* OperationObserver.swift in Sources */ = {isa = PBXBuildFile; fileRef = D657985E1F5CA2DD00C67CF3 /* OperationObserver.swift */; };
		D65798801F5CA2DD00C67CF3 /* OperationQueue.swift in Sources */ = {isa = PBXBuildFile; fileRef = D657985F1F5CA2DD00C67CF3 /* OperationQueue.swift */; };
		D65798811F5CA2DD00C67CF3 /* PassbookCondition.swift in Sources */ = {isa = PBXBuildFile; fileRef = D65798601F5CA2DD00C67CF3 /* PassbookCondition.swift */; };
		D65798821F5CA2DD00C67CF3 /* PhotosCondition.swift in Sources */ = {isa = PBXBuildFile; fileRef = D65798611F5CA2DD00C67CF3 /* PhotosCondition.swift */; };
		D65798831F5CA2DD00C67CF3 /* ReachabilityCondition.swift in Sources */ = {isa = PBXBuildFile; fileRef = D65798621F5CA2DD00C67CF3 /* ReachabilityCondition.swift */; };
		D65798841F5CA2DD00C67CF3 /* RemoteNotificationCondition.swift in Sources */ = {isa = PBXBuildFile; fileRef = D65798631F5CA2DD00C67CF3 /* RemoteNotificationCondition.swift */; };
		D65798851F5CA2DD00C67CF3 /* SilentCondition.swift in Sources */ = {isa = PBXBuildFile; fileRef = D65798641F5CA2DD00C67CF3 /* SilentCondition.swift */; };
		D65798861F5CA2DD00C67CF3 /* TimeoutObserver.swift in Sources */ = {isa = PBXBuildFile; fileRef = D65798651F5CA2DD00C67CF3 /* TimeoutObserver.swift */; };
		D65798871F5CA2DD00C67CF3 /* URLSessionTaskOperation.swift in Sources */ = {isa = PBXBuildFile; fileRef = D65798661F5CA2DD00C67CF3 /* URLSessionTaskOperation.swift */; };
		D6DA647E1F5B0C1B0086E661 /* FirebaseManager.swift in Sources */ = {isa = PBXBuildFile; fileRef = D6DA647D1F5B0C1B0086E661 /* FirebaseManager.swift */; };
		D6DA64891F5B0FBA0086E661 /* SpotifyAudioPlayback.framework in Frameworks */ = {isa = PBXBuildFile; fileRef = D6DA64861F5B0FBA0086E661 /* SpotifyAudioPlayback.framework */; };
		D6DA648A1F5B0FBA0086E661 /* SpotifyAuthentication.framework in Frameworks */ = {isa = PBXBuildFile; fileRef = D6DA64871F5B0FBA0086E661 /* SpotifyAuthentication.framework */; };
		D6DA648B1F5B0FBA0086E661 /* SpotifyMetadata.framework in Frameworks */ = {isa = PBXBuildFile; fileRef = D6DA64881F5B0FBA0086E661 /* SpotifyMetadata.framework */; };
		D6DA64911F5B246D0086E661 /* GoogleToolboxForMac.framework in Frameworks */ = {isa = PBXBuildFile; fileRef = D6DA64901F5B246D0086E661 /* GoogleToolboxForMac.framework */; };
		D6DA64931F5B26190086E661 /* SpotifyManager.swift in Sources */ = {isa = PBXBuildFile; fileRef = D6DA64921F5B26190086E661 /* SpotifyManager.swift */; };
		D6E37E8F1F5B4B79004C0DBE /* Login.storyboard in Resources */ = {isa = PBXBuildFile; fileRef = D6E37E8E1F5B4B79004C0DBE /* Login.storyboard */; };
		D6E37E911F5B4CFE004C0DBE /* UIFont+Gvng.swift in Sources */ = {isa = PBXBuildFile; fileRef = D6E37E901F5B4CFE004C0DBE /* UIFont+Gvng.swift */; };
		D6E37E931F5B4D10004C0DBE /* UIColor+Gvng.swift in Sources */ = {isa = PBXBuildFile; fileRef = D6E37E921F5B4D10004C0DBE /* UIColor+Gvng.swift */; };
		D6E3A9E41F5CBFFC005D00D4 /* UserDefaultsManager.swift in Sources */ = {isa = PBXBuildFile; fileRef = D6E3A9E31F5CBFFC005D00D4 /* UserDefaultsManager.swift */; };
		D6E3A9E91F5CD7A8005D00D4 /* FirebasePaths.swift in Sources */ = {isa = PBXBuildFile; fileRef = D6E3A9E81F5CD7A8005D00D4 /* FirebasePaths.swift */; };
		D6E3A9EB1F5CED45005D00D4 /* FirebasePathManager.swift in Sources */ = {isa = PBXBuildFile; fileRef = D6E3A9EA1F5CED45005D00D4 /* FirebasePathManager.swift */; };
/* End PBXBuildFile section */

/* Begin PBXFileReference section */
		D60DFDA91F58DD2E000A7241 /* FirebaseAnalytics.framework */ = {isa = PBXFileReference; lastKnownFileType = wrapper.framework; path = FirebaseAnalytics.framework; sourceTree = "<group>"; };
		D60DFDAB1F58E08B000A7241 /* FirebaseNanoPB.framework */ = {isa = PBXFileReference; lastKnownFileType = wrapper.framework; path = FirebaseNanoPB.framework; sourceTree = "<group>"; };
		D60DFDAD1F58E0C7000A7241 /* leveldb-library.framework */ = {isa = PBXFileReference; lastKnownFileType = wrapper.framework; path = "leveldb-library.framework"; sourceTree = "<group>"; };
		D60DFDAF1F58E0E0000A7241 /* GTMSessionFetcher.framework */ = {isa = PBXFileReference; lastKnownFileType = wrapper.framework; path = GTMSessionFetcher.framework; sourceTree = "<group>"; };
		D60DFDB11F58E0FC000A7241 /* nanopb.framework */ = {isa = PBXFileReference; lastKnownFileType = wrapper.framework; path = nanopb.framework; sourceTree = "<group>"; };
		D60DFDB31F58E23F000A7241 /* GVNG-Bridging-Header.h */ = {isa = PBXFileReference; fileEncoding = 4; lastKnownFileType = sourcecode.c.h; path = "GVNG-Bridging-Header.h"; sourceTree = SOURCE_ROOT; };
		D61486B81F58D03900FDF8A8 /* GVNG.app */ = {isa = PBXFileReference; explicitFileType = wrapper.application; includeInIndex = 0; path = GVNG.app; sourceTree = BUILT_PRODUCTS_DIR; };
		D61486BB1F58D03900FDF8A8 /* GVNGAppDelegate.swift */ = {isa = PBXFileReference; lastKnownFileType = sourcecode.swift; path = GVNGAppDelegate.swift; sourceTree = "<group>"; };
		D61486C01F58D03900FDF8A8 /* Base */ = {isa = PBXFileReference; lastKnownFileType = file.storyboard; name = Base; path = Base.lproj/Main.storyboard; sourceTree = "<group>"; };
		D61486C21F58D03900FDF8A8 /* Assets.xcassets */ = {isa = PBXFileReference; lastKnownFileType = folder.assetcatalog; path = Assets.xcassets; sourceTree = "<group>"; };
		D61486C51F58D03900FDF8A8 /* Base */ = {isa = PBXFileReference; lastKnownFileType = file.storyboard; name = Base; path = Base.lproj/LaunchScreen.storyboard; sourceTree = "<group>"; };
		D61486C71F58D03900FDF8A8 /* Info.plist */ = {isa = PBXFileReference; lastKnownFileType = text.plist.xml; path = Info.plist; sourceTree = "<group>"; };
		D61486CD1F58D03E00FDF8A8 /* GoogleService-Info.plist */ = {isa = PBXFileReference; fileEncoding = 4; lastKnownFileType = text.plist.xml; path = "GoogleService-Info.plist"; sourceTree = "<group>"; };
		D61486D41F58D0F800FDF8A8 /* FirebaseCore.framework */ = {isa = PBXFileReference; lastKnownFileType = wrapper.framework; path = FirebaseCore.framework; sourceTree = "<group>"; };
		D61486D51F58D0F800FDF8A8 /* FirebaseCoreDiagnostics.framework */ = {isa = PBXFileReference; lastKnownFileType = wrapper.framework; path = FirebaseCoreDiagnostics.framework; sourceTree = "<group>"; };
		D61486D61F58D0F800FDF8A8 /* FirebaseInstanceID.framework */ = {isa = PBXFileReference; lastKnownFileType = wrapper.framework; path = FirebaseInstanceID.framework; sourceTree = "<group>"; };
		D61486E11F58D10500FDF8A8 /* Firebase.h */ = {isa = PBXFileReference; fileEncoding = 4; lastKnownFileType = sourcecode.c.h; path = Firebase.h; sourceTree = "<group>"; };
		D61486E21F58D10500FDF8A8 /* module.modulemap */ = {isa = PBXFileReference; fileEncoding = 4; lastKnownFileType = "sourcecode.module-map"; path = module.modulemap; sourceTree = "<group>"; };
		D61486E31F58D11300FDF8A8 /* FirebaseAuth.framework */ = {isa = PBXFileReference; lastKnownFileType = wrapper.framework; path = FirebaseAuth.framework; sourceTree = "<group>"; };
		D61486E71F58D11C00FDF8A8 /* FirebaseDatabase.framework */ = {isa = PBXFileReference; lastKnownFileType = wrapper.framework; path = FirebaseDatabase.framework; sourceTree = "<group>"; };
		D61486EC1F58D58600FDF8A8 /* Security.framework */ = {isa = PBXFileReference; lastKnownFileType = wrapper.framework; name = Security.framework; path = System/Library/Frameworks/Security.framework; sourceTree = SDKROOT; };
		D61486EE1F58D58C00FDF8A8 /* SystemConfiguration.framework */ = {isa = PBXFileReference; lastKnownFileType = wrapper.framework; name = SystemConfiguration.framework; path = System/Library/Frameworks/SystemConfiguration.framework; sourceTree = SDKROOT; };
		D61486F01F58D59200FDF8A8 /* CFNetwork.framework */ = {isa = PBXFileReference; lastKnownFileType = wrapper.framework; name = CFNetwork.framework; path = System/Library/Frameworks/CFNetwork.framework; sourceTree = SDKROOT; };
		D61486F21F58D5A100FDF8A8 /* libc++.tbd */ = {isa = PBXFileReference; lastKnownFileType = "sourcecode.text-based-dylib-definition"; name = "libc++.tbd"; path = "usr/lib/libc++.tbd"; sourceTree = SDKROOT; };
		D61486F41F58D5A800FDF8A8 /* libicucore.tbd */ = {isa = PBXFileReference; lastKnownFileType = "sourcecode.text-based-dylib-definition"; name = libicucore.tbd; path = usr/lib/libicucore.tbd; sourceTree = SDKROOT; };
		D6152E481F5B4F7E00078D09 /* LoginPhoneNumberViewController.swift */ = {isa = PBXFileReference; fileEncoding = 4; lastKnownFileType = sourcecode.swift; path = LoginPhoneNumberViewController.swift; sourceTree = "<group>"; };
		D619DC4D1F5B761000CA0E83 /* LoginErrorViewController.swift */ = {isa = PBXFileReference; fileEncoding = 4; lastKnownFileType = sourcecode.swift; path = LoginErrorViewController.swift; sourceTree = "<group>"; };
		D619DC4F1F5B78DD00CA0E83 /* Instantiable.swift */ = {isa = PBXFileReference; fileEncoding = 4; lastKnownFileType = sourcecode.swift; path = Instantiable.swift; sourceTree = "<group>"; };
		D619DC511F5B7EC600CA0E83 /* LoginVerificationCodeViewController.swift */ = {isa = PBXFileReference; fileEncoding = 4; lastKnownFileType = sourcecode.swift; path = LoginVerificationCodeViewController.swift; sourceTree = "<group>"; };
		D619DC5D1F5C72EB00CA0E83 /* LoginMusicServiceSelectionViewController.swift */ = {isa = PBXFileReference; fileEncoding = 4; lastKnownFileType = sourcecode.swift; path = LoginMusicServiceSelectionViewController.swift; sourceTree = "<group>"; };
		D619DC5F1F5C8FA100CA0E83 /* ServiceableApplicationDelegate.swift */ = {isa = PBXFileReference; fileEncoding = 4; lastKnownFileType = sourcecode.swift; path = ServiceableApplicationDelegate.swift; sourceTree = "<group>"; };
		D657983E1F5C925B00C67CF3 /* FirebaseAppService.swift */ = {isa = PBXFileReference; fileEncoding = 4; lastKnownFileType = sourcecode.swift; path = FirebaseAppService.swift; sourceTree = "<group>"; };
		D65798401F5C92C300C67CF3 /* SpotifyAppService.swift */ = {isa = PBXFileReference; fileEncoding = 4; lastKnownFileType = sourcecode.swift; path = SpotifyAppService.swift; sourceTree = "<group>"; };
		D65798421F5C92ED00C67CF3 /* PushNotificationsAppService.swift */ = {isa = PBXFileReference; fileEncoding = 4; lastKnownFileType = sourcecode.swift; path = PushNotificationsAppService.swift; sourceTree = "<group>"; };
		D65798461F5CA2DD00C67CF3 /* AlertOperation.swift */ = {isa = PBXFileReference; fileEncoding = 4; lastKnownFileType = sourcecode.swift; path = AlertOperation.swift; sourceTree = "<group>"; };
		D65798471F5CA2DD00C67CF3 /* BlockObserver.swift */ = {isa = PBXFileReference; fileEncoding = 4; lastKnownFileType = sourcecode.swift; path = BlockObserver.swift; sourceTree = "<group>"; };
		D65798481F5CA2DD00C67CF3 /* BlockOperation.swift */ = {isa = PBXFileReference; fileEncoding = 4; lastKnownFileType = sourcecode.swift; path = BlockOperation.swift; sourceTree = "<group>"; };
		D65798491F5CA2DD00C67CF3 /* CalendarCondition.swift */ = {isa = PBXFileReference; fileEncoding = 4; lastKnownFileType = sourcecode.swift; path = CalendarCondition.swift; sourceTree = "<group>"; };
		D657984A1F5CA2DD00C67CF3 /* CKContainer+Operations.swift */ = {isa = PBXFileReference; fileEncoding = 4; lastKnownFileType = sourcecode.swift; path = "CKContainer+Operations.swift"; sourceTree = "<group>"; };
		D657984B1F5CA2DD00C67CF3 /* CloudCondition.swift */ = {isa = PBXFileReference; fileEncoding = 4; lastKnownFileType = sourcecode.swift; path = CloudCondition.swift; sourceTree = "<group>"; };
		D657984C1F5CA2DD00C67CF3 /* DelayOperation.swift */ = {isa = PBXFileReference; fileEncoding = 4; lastKnownFileType = sourcecode.swift; path = DelayOperation.swift; sourceTree = "<group>"; };
		D657984D1F5CA2DD00C67CF3 /* DependencySuccessCondition.swift */ = {isa = PBXFileReference; fileEncoding = 4; lastKnownFileType = sourcecode.swift; path = DependencySuccessCondition.swift; sourceTree = "<group>"; };
		D657984E1F5CA2DD00C67CF3 /* Dictionary+Operations.swift */ = {isa = PBXFileReference; fileEncoding = 4; lastKnownFileType = sourcecode.swift; path = "Dictionary+Operations.swift"; sourceTree = "<group>"; };
		D657984F1F5CA2DD00C67CF3 /* ExclusivityController.swift */ = {isa = PBXFileReference; fileEncoding = 4; lastKnownFileType = sourcecode.swift; path = ExclusivityController.swift; sourceTree = "<group>"; };
		D65798501F5CA2DD00C67CF3 /* GroupOperation.swift */ = {isa = PBXFileReference; fileEncoding = 4; lastKnownFileType = sourcecode.swift; path = GroupOperation.swift; sourceTree = "<group>"; };
		D65798511F5CA2DD00C67CF3 /* HealthCondition.swift */ = {isa = PBXFileReference; fileEncoding = 4; lastKnownFileType = sourcecode.swift; path = HealthCondition.swift; sourceTree = "<group>"; };
		D65798521F5CA2DD00C67CF3 /* LocationCondition.swift */ = {isa = PBXFileReference; fileEncoding = 4; lastKnownFileType = sourcecode.swift; path = LocationCondition.swift; sourceTree = "<group>"; };
		D65798531F5CA2DD00C67CF3 /* LocationOperation.swift */ = {isa = PBXFileReference; fileEncoding = 4; lastKnownFileType = sourcecode.swift; path = LocationOperation.swift; sourceTree = "<group>"; };
		D65798541F5CA2DD00C67CF3 /* MutuallyExclusive.swift */ = {isa = PBXFileReference; fileEncoding = 4; lastKnownFileType = sourcecode.swift; path = MutuallyExclusive.swift; sourceTree = "<group>"; };
		D65798551F5CA2DD00C67CF3 /* NegatedCondition.swift */ = {isa = PBXFileReference; fileEncoding = 4; lastKnownFileType = sourcecode.swift; path = NegatedCondition.swift; sourceTree = "<group>"; };
		D65798561F5CA2DD00C67CF3 /* NetworkObserver.swift */ = {isa = PBXFileReference; fileEncoding = 4; lastKnownFileType = sourcecode.swift; path = NetworkObserver.swift; sourceTree = "<group>"; };
		D65798571F5CA2DD00C67CF3 /* NoCancelledDependencies.swift */ = {isa = PBXFileReference; fileEncoding = 4; lastKnownFileType = sourcecode.swift; path = NoCancelledDependencies.swift; sourceTree = "<group>"; };
		D65798581F5CA2DD00C67CF3 /* NSLock+Operations.swift */ = {isa = PBXFileReference; fileEncoding = 4; lastKnownFileType = sourcecode.swift; path = "NSLock+Operations.swift"; sourceTree = "<group>"; };
		D65798591F5CA2DD00C67CF3 /* NSOperation+Operations.swift */ = {isa = PBXFileReference; fileEncoding = 4; lastKnownFileType = sourcecode.swift; path = "NSOperation+Operations.swift"; sourceTree = "<group>"; };
		D657985A1F5CA2DD00C67CF3 /* NSURL+CacheFiles.swift */ = {isa = PBXFileReference; fileEncoding = 4; lastKnownFileType = sourcecode.swift; path = "NSURL+CacheFiles.swift"; sourceTree = "<group>"; };
		D657985B1F5CA2DD00C67CF3 /* Operation.swift */ = {isa = PBXFileReference; fileEncoding = 4; lastKnownFileType = sourcecode.swift; path = Operation.swift; sourceTree = "<group>"; };
		D657985C1F5CA2DD00C67CF3 /* OperationCondition.swift */ = {isa = PBXFileReference; fileEncoding = 4; lastKnownFileType = sourcecode.swift; path = OperationCondition.swift; sourceTree = "<group>"; };
		D657985D1F5CA2DD00C67CF3 /* OperationErrors.swift */ = {isa = PBXFileReference; fileEncoding = 4; lastKnownFileType = sourcecode.swift; path = OperationErrors.swift; sourceTree = "<group>"; };
		D657985E1F5CA2DD00C67CF3 /* OperationObserver.swift */ = {isa = PBXFileReference; fileEncoding = 4; lastKnownFileType = sourcecode.swift; path = OperationObserver.swift; sourceTree = "<group>"; };
		D657985F1F5CA2DD00C67CF3 /* OperationQueue.swift */ = {isa = PBXFileReference; fileEncoding = 4; lastKnownFileType = sourcecode.swift; path = OperationQueue.swift; sourceTree = "<group>"; };
		D65798601F5CA2DD00C67CF3 /* PassbookCondition.swift */ = {isa = PBXFileReference; fileEncoding = 4; lastKnownFileType = sourcecode.swift; path = PassbookCondition.swift; sourceTree = "<group>"; };
		D65798611F5CA2DD00C67CF3 /* PhotosCondition.swift */ = {isa = PBXFileReference; fileEncoding = 4; lastKnownFileType = sourcecode.swift; path = PhotosCondition.swift; sourceTree = "<group>"; };
		D65798621F5CA2DD00C67CF3 /* ReachabilityCondition.swift */ = {isa = PBXFileReference; fileEncoding = 4; lastKnownFileType = sourcecode.swift; path = ReachabilityCondition.swift; sourceTree = "<group>"; };
		D65798631F5CA2DD00C67CF3 /* RemoteNotificationCondition.swift */ = {isa = PBXFileReference; fileEncoding = 4; lastKnownFileType = sourcecode.swift; path = RemoteNotificationCondition.swift; sourceTree = "<group>"; };
		D65798641F5CA2DD00C67CF3 /* SilentCondition.swift */ = {isa = PBXFileReference; fileEncoding = 4; lastKnownFileType = sourcecode.swift; path = SilentCondition.swift; sourceTree = "<group>"; };
		D65798651F5CA2DD00C67CF3 /* TimeoutObserver.swift */ = {isa = PBXFileReference; fileEncoding = 4; lastKnownFileType = sourcecode.swift; path = TimeoutObserver.swift; sourceTree = "<group>"; };
		D65798661F5CA2DD00C67CF3 /* URLSessionTaskOperation.swift */ = {isa = PBXFileReference; fileEncoding = 4; lastKnownFileType = sourcecode.swift; path = URLSessionTaskOperation.swift; sourceTree = "<group>"; };
		D6DA647D1F5B0C1B0086E661 /* FirebaseManager.swift */ = {isa = PBXFileReference; fileEncoding = 4; lastKnownFileType = sourcecode.swift; path = FirebaseManager.swift; sourceTree = "<group>"; };
		D6DA64861F5B0FBA0086E661 /* SpotifyAudioPlayback.framework */ = {isa = PBXFileReference; lastKnownFileType = wrapper.framework; path = SpotifyAudioPlayback.framework; sourceTree = "<group>"; };
		D6DA64871F5B0FBA0086E661 /* SpotifyAuthentication.framework */ = {isa = PBXFileReference; lastKnownFileType = wrapper.framework; path = SpotifyAuthentication.framework; sourceTree = "<group>"; };
		D6DA64881F5B0FBA0086E661 /* SpotifyMetadata.framework */ = {isa = PBXFileReference; lastKnownFileType = wrapper.framework; path = SpotifyMetadata.framework; sourceTree = "<group>"; };
		D6DA648C1F5B22100086E661 /* libsqlite3.tbd */ = {isa = PBXFileReference; lastKnownFileType = "sourcecode.text-based-dylib-definition"; name = libsqlite3.tbd; path = usr/lib/libsqlite3.tbd; sourceTree = SDKROOT; };
		D6DA648E1F5B223B0086E661 /* AddressBook.framework */ = {isa = PBXFileReference; lastKnownFileType = wrapper.framework; name = AddressBook.framework; path = System/Library/Frameworks/AddressBook.framework; sourceTree = SDKROOT; };
		D6DA64901F5B246D0086E661 /* GoogleToolboxForMac.framework */ = {isa = PBXFileReference; lastKnownFileType = wrapper.framework; path = GoogleToolboxForMac.framework; sourceTree = "<group>"; };
		D6DA64921F5B26190086E661 /* SpotifyManager.swift */ = {isa = PBXFileReference; fileEncoding = 4; lastKnownFileType = sourcecode.swift; path = SpotifyManager.swift; sourceTree = "<group>"; };
		D6DA64991F5B3C970086E661 /* GVNG.entitlements */ = {isa = PBXFileReference; lastKnownFileType = text.plist.entitlements; path = GVNG.entitlements; sourceTree = "<group>"; };
		D6E37E8E1F5B4B79004C0DBE /* Login.storyboard */ = {isa = PBXFileReference; fileEncoding = 4; lastKnownFileType = file.storyboard; path = Login.storyboard; sourceTree = "<group>"; };
		D6E37E901F5B4CFE004C0DBE /* UIFont+Gvng.swift */ = {isa = PBXFileReference; fileEncoding = 4; lastKnownFileType = sourcecode.swift; path = "UIFont+Gvng.swift"; sourceTree = "<group>"; };
		D6E37E921F5B4D10004C0DBE /* UIColor+Gvng.swift */ = {isa = PBXFileReference; fileEncoding = 4; lastKnownFileType = sourcecode.swift; path = "UIColor+Gvng.swift"; sourceTree = "<group>"; };
		D6E3A9E31F5CBFFC005D00D4 /* UserDefaultsManager.swift */ = {isa = PBXFileReference; fileEncoding = 4; lastKnownFileType = sourcecode.swift; path = UserDefaultsManager.swift; sourceTree = "<group>"; };
		D6E3A9E81F5CD7A8005D00D4 /* FirebasePaths.swift */ = {isa = PBXFileReference; fileEncoding = 4; lastKnownFileType = sourcecode.swift; path = FirebasePaths.swift; sourceTree = "<group>"; };
		D6E3A9EA1F5CED45005D00D4 /* FirebasePathManager.swift */ = {isa = PBXFileReference; fileEncoding = 4; lastKnownFileType = sourcecode.swift; path = FirebasePathManager.swift; sourceTree = "<group>"; };
/* End PBXFileReference section */

/* Begin PBXFrameworksBuildPhase section */
		D61486B51F58D03900FDF8A8 /* Frameworks */ = {
			isa = PBXFrameworksBuildPhase;
			buildActionMask = 2147483647;
			files = (
				D61486F51F58D5A800FDF8A8 /* libicucore.tbd in Frameworks */,
				D61486F31F58D5A100FDF8A8 /* libc++.tbd in Frameworks */,
				D61486F11F58D59200FDF8A8 /* CFNetwork.framework in Frameworks */,
				D61486EF1F58D58C00FDF8A8 /* SystemConfiguration.framework in Frameworks */,
				D61486ED1F58D58600FDF8A8 /* Security.framework in Frameworks */,
				D60DFDAA1F58DD2E000A7241 /* FirebaseAnalytics.framework in Frameworks */,
				D61486DB1F58D0F800FDF8A8 /* FirebaseCore.framework in Frameworks */,
				D61486DC1F58D0F800FDF8A8 /* FirebaseCoreDiagnostics.framework in Frameworks */,
				D61486DD1F58D0F800FDF8A8 /* FirebaseInstanceID.framework in Frameworks */,
				D60DFDAC1F58E08B000A7241 /* FirebaseNanoPB.framework in Frameworks */,
				D6DA64911F5B246D0086E661 /* GoogleToolboxForMac.framework in Frameworks */,
				D60DFDB21F58E0FC000A7241 /* nanopb.framework in Frameworks */,
				D60DFDB01F58E0E0000A7241 /* GTMSessionFetcher.framework in Frameworks */,
				D61486E51F58D11300FDF8A8 /* FirebaseAuth.framework in Frameworks */,
				D60DFDAE1F58E0C7000A7241 /* leveldb-library.framework in Frameworks */,
				D61486E91F58D11C00FDF8A8 /* FirebaseDatabase.framework in Frameworks */,
				D6DA648B1F5B0FBA0086E661 /* SpotifyMetadata.framework in Frameworks */,
				D6DA64891F5B0FBA0086E661 /* SpotifyAudioPlayback.framework in Frameworks */,
				D6DA648A1F5B0FBA0086E661 /* SpotifyAuthentication.framework in Frameworks */,
			);
			runOnlyForDeploymentPostprocessing = 0;
		};
/* End PBXFrameworksBuildPhase section */

/* Begin PBXGroup section */
		D61486AF1F58D03900FDF8A8 = {
			isa = PBXGroup;
			children = (
				D61486BA1F58D03900FDF8A8 /* GVNG */,
				D61486B91F58D03900FDF8A8 /* Products */,
				D6DA64801F5B0F8D0086E661 /* Dependencies */,
				D61486EB1F58D58500FDF8A8 /* Frameworks */,
			);
			sourceTree = "<group>";
		};
		D61486B91F58D03900FDF8A8 /* Products */ = {
			isa = PBXGroup;
			children = (
				D61486B81F58D03900FDF8A8 /* GVNG.app */,
			);
			name = Products;
			sourceTree = "<group>";
		};
		D61486BA1F58D03900FDF8A8 /* GVNG */ = {
			isa = PBXGroup;
			children = (
				D6DA64991F5B3C970086E661 /* GVNG.entitlements */,
				D619DC5F1F5C8FA100CA0E83 /* ServiceableApplicationDelegate.swift */,
				D61486BB1F58D03900FDF8A8 /* GVNGAppDelegate.swift */,
				D6E3A9E71F5CD794005D00D4 /* Constants */,
				D65798451F5CA2AD00C67CF3 /* Operations */,
				D65798441F5CA12D00C67CF3 /* AppServices */,
				D619DC591F5B90D400CA0E83 /* App Sections */,
				D619DC541F5B906A00CA0E83 /* Extensions */,
				D619DC531F5B905A00CA0E83 /* Protocols */,
				D619DC551F5B907300CA0E83 /* Managers */,
				D619DC5B1F5B911C00CA0E83 /* Resources */,
			);
			path = GVNG;
			sourceTree = "<group>";
		};
		D61486CF1F58D04200FDF8A8 /* Firebase */ = {
			isa = PBXGroup;
			children = (
				D61486E11F58D10500FDF8A8 /* Firebase.h */,
				D61486E21F58D10500FDF8A8 /* module.modulemap */,
				D61486CD1F58D03E00FDF8A8 /* GoogleService-Info.plist */,
				D61486D01F58D05300FDF8A8 /* Firebase Analytics */,
				D61486D11F58D05C00FDF8A8 /* Firebase Auth */,
				D61486D21F58D06800FDF8A8 /* Firebase Database */,
			);
			name = Firebase;
			sourceTree = "<group>";
		};
		D61486D01F58D05300FDF8A8 /* Firebase Analytics */ = {
			isa = PBXGroup;
			children = (
				D60DFDA91F58DD2E000A7241 /* FirebaseAnalytics.framework */,
				D61486D41F58D0F800FDF8A8 /* FirebaseCore.framework */,
				D61486D51F58D0F800FDF8A8 /* FirebaseCoreDiagnostics.framework */,
				D61486D61F58D0F800FDF8A8 /* FirebaseInstanceID.framework */,
				D60DFDAB1F58E08B000A7241 /* FirebaseNanoPB.framework */,
				D6DA64901F5B246D0086E661 /* GoogleToolboxForMac.framework */,
				D60DFDB11F58E0FC000A7241 /* nanopb.framework */,
			);
			name = "Firebase Analytics";
			sourceTree = "<group>";
		};
		D61486D11F58D05C00FDF8A8 /* Firebase Auth */ = {
			isa = PBXGroup;
			children = (
				D60DFDAF1F58E0E0000A7241 /* GTMSessionFetcher.framework */,
				D61486E31F58D11300FDF8A8 /* FirebaseAuth.framework */,
			);
			name = "Firebase Auth";
			sourceTree = "<group>";
		};
		D61486D21F58D06800FDF8A8 /* Firebase Database */ = {
			isa = PBXGroup;
			children = (
				D60DFDAD1F58E0C7000A7241 /* leveldb-library.framework */,
				D61486E71F58D11C00FDF8A8 /* FirebaseDatabase.framework */,
			);
			name = "Firebase Database";
			sourceTree = "<group>";
		};
		D61486EB1F58D58500FDF8A8 /* Frameworks */ = {
			isa = PBXGroup;
			children = (
				D6DA648E1F5B223B0086E661 /* AddressBook.framework */,
				D6DA648C1F5B22100086E661 /* libsqlite3.tbd */,
				D61486F41F58D5A800FDF8A8 /* libicucore.tbd */,
				D61486F21F58D5A100FDF8A8 /* libc++.tbd */,
				D61486F01F58D59200FDF8A8 /* CFNetwork.framework */,
				D61486EE1F58D58C00FDF8A8 /* SystemConfiguration.framework */,
				D61486EC1F58D58600FDF8A8 /* Security.framework */,
			);
			name = Frameworks;
			sourceTree = "<group>";
		};
		D619DC531F5B905A00CA0E83 /* Protocols */ = {
			isa = PBXGroup;
			children = (
				D619DC4F1F5B78DD00CA0E83 /* Instantiable.swift */,
			);
			name = Protocols;
			sourceTree = "<group>";
		};
		D619DC541F5B906A00CA0E83 /* Extensions */ = {
			isa = PBXGroup;
			children = (
				D6E37E901F5B4CFE004C0DBE /* UIFont+Gvng.swift */,
				D6E37E921F5B4D10004C0DBE /* UIColor+Gvng.swift */,
			);
			name = Extensions;
			sourceTree = "<group>";
		};
		D619DC551F5B907300CA0E83 /* Managers */ = {
			isa = PBXGroup;
			children = (
				D6E3A9E31F5CBFFC005D00D4 /* UserDefaultsManager.swift */,
				D6DA647D1F5B0C1B0086E661 /* FirebaseManager.swift */,
				D6E3A9EA1F5CED45005D00D4 /* FirebasePathManager.swift */,
				D6DA64921F5B26190086E661 /* SpotifyManager.swift */,
			);
			name = Managers;
			sourceTree = "<group>";
		};
		D619DC561F5B908000CA0E83 /* Views */ = {
			isa = PBXGroup;
			children = (
			);
			name = Views;
			sourceTree = "<group>";
		};
		D619DC571F5B908900CA0E83 /* View Models */ = {
			isa = PBXGroup;
			children = (
			);
			name = "View Models";
			sourceTree = "<group>";
		};
		D619DC581F5B90CC00CA0E83 /* View Controllers */ = {
			isa = PBXGroup;
			children = (
				D619DC4D1F5B761000CA0E83 /* LoginErrorViewController.swift */,
				D6152E481F5B4F7E00078D09 /* LoginPhoneNumberViewController.swift */,
				D619DC511F5B7EC600CA0E83 /* LoginVerificationCodeViewController.swift */,
				D619DC5D1F5C72EB00CA0E83 /* LoginMusicServiceSelectionViewController.swift */,
			);
			name = "View Controllers";
			sourceTree = "<group>";
		};
		D619DC591F5B90D400CA0E83 /* App Sections */ = {
			isa = PBXGroup;
			children = (
				D619DC5A1F5B90F100CA0E83 /* Login */,
			);
			name = "App Sections";
			sourceTree = "<group>";
		};
		D619DC5A1F5B90F100CA0E83 /* Login */ = {
			isa = PBXGroup;
			children = (
				D619DC561F5B908000CA0E83 /* Views */,
				D619DC571F5B908900CA0E83 /* View Models */,
				D619DC581F5B90CC00CA0E83 /* View Controllers */,
			);
			name = Login;
			sourceTree = "<group>";
		};
		D619DC5B1F5B911C00CA0E83 /* Resources */ = {
			isa = PBXGroup;
			children = (
				D61486C71F58D03900FDF8A8 /* Info.plist */,
				D60DFDB31F58E23F000A7241 /* GVNG-Bridging-Header.h */,
				D61486C21F58D03900FDF8A8 /* Assets.xcassets */,
				D619DC5C1F5B913700CA0E83 /* Storyboards */,
			);
			name = Resources;
			sourceTree = "<group>";
		};
		D619DC5C1F5B913700CA0E83 /* Storyboards */ = {
			isa = PBXGroup;
			children = (
				D61486BF1F58D03900FDF8A8 /* Main.storyboard */,
				D6E37E8E1F5B4B79004C0DBE /* Login.storyboard */,
				D61486C41F58D03900FDF8A8 /* LaunchScreen.storyboard */,
			);
			name = Storyboards;
			sourceTree = "<group>";
		};
		D65798441F5CA12D00C67CF3 /* AppServices */ = {
			isa = PBXGroup;
			children = (
				D657983E1F5C925B00C67CF3 /* FirebaseAppService.swift */,
				D65798401F5C92C300C67CF3 /* SpotifyAppService.swift */,
				D65798421F5C92ED00C67CF3 /* PushNotificationsAppService.swift */,
			);
			name = AppServices;
			sourceTree = "<group>";
		};
		D65798451F5CA2AD00C67CF3 /* Operations */ = {
			isa = PBXGroup;
			children = (
				D65798881F5CA71000C67CF3 /* Custom Operations */,
				D657988B1F5CA7D500C67CF3 /* Basic Operations */,
			);
			name = Operations;
			sourceTree = "<group>";
		};
		D65798881F5CA71000C67CF3 /* Custom Operations */ = {
			isa = PBXGroup;
			children = (
			);
			name = "Custom Operations";
			sourceTree = "<group>";
		};
		D657988B1F5CA7D500C67CF3 /* Basic Operations */ = {
			isa = PBXGroup;
			children = (
				D65798461F5CA2DD00C67CF3 /* AlertOperation.swift */,
				D65798471F5CA2DD00C67CF3 /* BlockObserver.swift */,
				D65798481F5CA2DD00C67CF3 /* BlockOperation.swift */,
				D65798491F5CA2DD00C67CF3 /* CalendarCondition.swift */,
				D657984A1F5CA2DD00C67CF3 /* CKContainer+Operations.swift */,
				D657984B1F5CA2DD00C67CF3 /* CloudCondition.swift */,
				D657984C1F5CA2DD00C67CF3 /* DelayOperation.swift */,
				D657984D1F5CA2DD00C67CF3 /* DependencySuccessCondition.swift */,
				D657984E1F5CA2DD00C67CF3 /* Dictionary+Operations.swift */,
				D657984F1F5CA2DD00C67CF3 /* ExclusivityController.swift */,
				D65798501F5CA2DD00C67CF3 /* GroupOperation.swift */,
				D65798511F5CA2DD00C67CF3 /* HealthCondition.swift */,
				D65798521F5CA2DD00C67CF3 /* LocationCondition.swift */,
				D65798531F5CA2DD00C67CF3 /* LocationOperation.swift */,
				D65798541F5CA2DD00C67CF3 /* MutuallyExclusive.swift */,
				D65798551F5CA2DD00C67CF3 /* NegatedCondition.swift */,
				D65798561F5CA2DD00C67CF3 /* NetworkObserver.swift */,
				D65798571F5CA2DD00C67CF3 /* NoCancelledDependencies.swift */,
				D65798581F5CA2DD00C67CF3 /* NSLock+Operations.swift */,
				D65798591F5CA2DD00C67CF3 /* NSOperation+Operations.swift */,
				D657985A1F5CA2DD00C67CF3 /* NSURL+CacheFiles.swift */,
				D657985B1F5CA2DD00C67CF3 /* Operation.swift */,
				D657985C1F5CA2DD00C67CF3 /* OperationCondition.swift */,
				D657985D1F5CA2DD00C67CF3 /* OperationErrors.swift */,
				D657985E1F5CA2DD00C67CF3 /* OperationObserver.swift */,
				D657985F1F5CA2DD00C67CF3 /* OperationQueue.swift */,
				D65798601F5CA2DD00C67CF3 /* PassbookCondition.swift */,
				D65798611F5CA2DD00C67CF3 /* PhotosCondition.swift */,
				D65798621F5CA2DD00C67CF3 /* ReachabilityCondition.swift */,
				D65798631F5CA2DD00C67CF3 /* RemoteNotificationCondition.swift */,
				D65798641F5CA2DD00C67CF3 /* SilentCondition.swift */,
				D65798651F5CA2DD00C67CF3 /* TimeoutObserver.swift */,
				D65798661F5CA2DD00C67CF3 /* URLSessionTaskOperation.swift */,
			);
			name = "Basic Operations";
			sourceTree = "<group>";
		};
		D6DA647F1F5B0F810086E661 /* Spotify */ = {
			isa = PBXGroup;
			children = (
				D6DA64861F5B0FBA0086E661 /* SpotifyAudioPlayback.framework */,
				D6DA64871F5B0FBA0086E661 /* SpotifyAuthentication.framework */,
				D6DA64881F5B0FBA0086E661 /* SpotifyMetadata.framework */,
			);
			name = Spotify;
			sourceTree = "<group>";
		};
		D6DA64801F5B0F8D0086E661 /* Dependencies */ = {
			isa = PBXGroup;
			children = (
				D6DA647F1F5B0F810086E661 /* Spotify */,
				D61486CF1F58D04200FDF8A8 /* Firebase */,
			);
			name = Dependencies;
			path = GVNG;
			sourceTree = "<group>";
		};
		D6E3A9E71F5CD794005D00D4 /* Constants */ = {
			isa = PBXGroup;
			children = (
				D6E3A9E81F5CD7A8005D00D4 /* FirebasePaths.swift */,
			);
			name = Constants;
			sourceTree = "<group>";
		};
/* End PBXGroup section */

/* Begin PBXNativeTarget section */
		D61486B71F58D03900FDF8A8 /* GVNG */ = {
			isa = PBXNativeTarget;
			buildConfigurationList = D61486CA1F58D03900FDF8A8 /* Build configuration list for PBXNativeTarget "GVNG" */;
			buildPhases = (
				D61486B41F58D03900FDF8A8 /* Sources */,
				D61486B51F58D03900FDF8A8 /* Frameworks */,
				D61486B61F58D03900FDF8A8 /* Resources */,
			);
			buildRules = (
			);
			dependencies = (
			);
			name = GVNG;
			productName = GVNG;
			productReference = D61486B81F58D03900FDF8A8 /* GVNG.app */;
			productType = "com.apple.product-type.application";
		};
/* End PBXNativeTarget section */

/* Begin PBXProject section */
		D61486B01F58D03900FDF8A8 /* Project object */ = {
			isa = PBXProject;
			attributes = {
				LastSwiftUpdateCheck = 0830;
				LastUpgradeCheck = 0830;
				ORGANIZATIONNAME = "Gvng Gvng";
				TargetAttributes = {
					D61486B71F58D03900FDF8A8 = {
						CreatedOnToolsVersion = 8.3.3;
						DevelopmentTeam = 66WC295E7G;
						ProvisioningStyle = Automatic;
						SystemCapabilities = {
							com.apple.Push = {
								enabled = 1;
							};
						};
					};
				};
			};
			buildConfigurationList = D61486B31F58D03900FDF8A8 /* Build configuration list for PBXProject "GVNG" */;
			compatibilityVersion = "Xcode 3.2";
			developmentRegion = English;
			hasScannedForEncodings = 0;
			knownRegions = (
				en,
				Base,
			);
			mainGroup = D61486AF1F58D03900FDF8A8;
			productRefGroup = D61486B91F58D03900FDF8A8 /* Products */;
			projectDirPath = "";
			projectRoot = "";
			targets = (
				D61486B71F58D03900FDF8A8 /* GVNG */,
			);
		};
/* End PBXProject section */

/* Begin PBXResourcesBuildPhase section */
		D61486B61F58D03900FDF8A8 /* Resources */ = {
			isa = PBXResourcesBuildPhase;
			buildActionMask = 2147483647;
			files = (
				D61486C61F58D03900FDF8A8 /* LaunchScreen.storyboard in Resources */,
				D61486CE1F58D03E00FDF8A8 /* GoogleService-Info.plist in Resources */,
				D61486C31F58D03900FDF8A8 /* Assets.xcassets in Resources */,
				D6E37E8F1F5B4B79004C0DBE /* Login.storyboard in Resources */,
				D61486C11F58D03900FDF8A8 /* Main.storyboard in Resources */,
			);
			runOnlyForDeploymentPostprocessing = 0;
		};
/* End PBXResourcesBuildPhase section */

/* Begin PBXSourcesBuildPhase section */
		D61486B41F58D03900FDF8A8 /* Sources */ = {
			isa = PBXSourcesBuildPhase;
			buildActionMask = 2147483647;
			files = (
				D65798431F5C92ED00C67CF3 /* PushNotificationsAppService.swift in Sources */,
				D619DC521F5B7EC600CA0E83 /* LoginVerificationCodeViewController.swift in Sources */,
				D657987C1F5CA2DD00C67CF3 /* Operation.swift in Sources */,
				D65798771F5CA2DD00C67CF3 /* NetworkObserver.swift in Sources */,
				D65798731F5CA2DD00C67CF3 /* LocationCondition.swift in Sources */,
				D6DA64931F5B26190086E661 /* SpotifyManager.swift in Sources */,
				D657986F1F5CA2DD00C67CF3 /* Dictionary+Operations.swift in Sources */,
				D657987E1F5CA2DD00C67CF3 /* OperationErrors.swift in Sources */,
				D6DA647E1F5B0C1B0086E661 /* FirebaseManager.swift in Sources */,
				D65798711F5CA2DD00C67CF3 /* GroupOperation.swift in Sources */,
				D657986E1F5CA2DD00C67CF3 /* DependencySuccessCondition.swift in Sources */,
				D65798681F5CA2DD00C67CF3 /* BlockObserver.swift in Sources */,
				D65798811F5CA2DD00C67CF3 /* PassbookCondition.swift in Sources */,
				D65798821F5CA2DD00C67CF3 /* PhotosCondition.swift in Sources */,
				D65798721F5CA2DD00C67CF3 /* HealthCondition.swift in Sources */,
				D619DC4E1F5B761000CA0E83 /* LoginErrorViewController.swift in Sources */,
				D65798861F5CA2DD00C67CF3 /* TimeoutObserver.swift in Sources */,
				D657986B1F5CA2DD00C67CF3 /* CKContainer+Operations.swift in Sources */,
				D65798871F5CA2DD00C67CF3 /* URLSessionTaskOperation.swift in Sources */,
				D6E37E931F5B4D10004C0DBE /* UIColor+Gvng.swift in Sources */,
				D657987B1F5CA2DD00C67CF3 /* NSURL+CacheFiles.swift in Sources */,
				D65798781F5CA2DD00C67CF3 /* NoCancelledDependencies.swift in Sources */,
				D6E3A9E91F5CD7A8005D00D4 /* FirebasePaths.swift in Sources */,
				D657987F1F5CA2DD00C67CF3 /* OperationObserver.swift in Sources */,
				D65798411F5C92C300C67CF3 /* SpotifyAppService.swift in Sources */,
				D65798691F5CA2DD00C67CF3 /* BlockOperation.swift in Sources */,
				D65798671F5CA2DD00C67CF3 /* AlertOperation.swift in Sources */,
				D65798741F5CA2DD00C67CF3 /* LocationOperation.swift in Sources */,
				D657986C1F5CA2DD00C67CF3 /* CloudCondition.swift in Sources */,
				D6E37E911F5B4CFE004C0DBE /* UIFont+Gvng.swift in Sources */,
				D657987A1F5CA2DD00C67CF3 /* NSOperation+Operations.swift in Sources */,
				D65798801F5CA2DD00C67CF3 /* OperationQueue.swift in Sources */,
				D6152E491F5B4F7E00078D09 /* LoginPhoneNumberViewController.swift in Sources */,
				D65798791F5CA2DD00C67CF3 /* NSLock+Operations.swift in Sources */,
				D65798841F5CA2DD00C67CF3 /* RemoteNotificationCondition.swift in Sources */,
				D6E3A9E41F5CBFFC005D00D4 /* UserDefaultsManager.swift in Sources */,
				D657983F1F5C925B00C67CF3 /* FirebaseAppService.swift in Sources */,
				D65798761F5CA2DD00C67CF3 /* NegatedCondition.swift in Sources */,
				D65798831F5CA2DD00C67CF3 /* ReachabilityCondition.swift in Sources */,
				D619DC5E1F5C72EB00CA0E83 /* LoginMusicServiceSelectionViewController.swift in Sources */,
				D619DC501F5B78DD00CA0E83 /* Instantiable.swift in Sources */,
				D6E3A9EB1F5CED45005D00D4 /* FirebasePathManager.swift in Sources */,
				D619DC601F5C8FA100CA0E83 /* ServiceableApplicationDelegate.swift in Sources */,
				D65798751F5CA2DD00C67CF3 /* MutuallyExclusive.swift in Sources */,
				D657987D1F5CA2DD00C67CF3 /* OperationCondition.swift in Sources */,
				D657986D1F5CA2DD00C67CF3 /* DelayOperation.swift in Sources */,
				D65798851F5CA2DD00C67CF3 /* SilentCondition.swift in Sources */,
				D657986A1F5CA2DD00C67CF3 /* CalendarCondition.swift in Sources */,
				D61486BC1F58D03900FDF8A8 /* GVNGAppDelegate.swift in Sources */,
				D65798701F5CA2DD00C67CF3 /* ExclusivityController.swift in Sources */,
			);
			runOnlyForDeploymentPostprocessing = 0;
		};
/* End PBXSourcesBuildPhase section */

/* Begin PBXVariantGroup section */
		D61486BF1F58D03900FDF8A8 /* Main.storyboard */ = {
			isa = PBXVariantGroup;
			children = (
				D61486C01F58D03900FDF8A8 /* Base */,
			);
			name = Main.storyboard;
			sourceTree = "<group>";
		};
		D61486C41F58D03900FDF8A8 /* LaunchScreen.storyboard */ = {
			isa = PBXVariantGroup;
			children = (
				D61486C51F58D03900FDF8A8 /* Base */,
			);
			name = LaunchScreen.storyboard;
			sourceTree = "<group>";
		};
/* End PBXVariantGroup section */

/* Begin XCBuildConfiguration section */
		D61486C81F58D03900FDF8A8 /* Debug */ = {
			isa = XCBuildConfiguration;
			buildSettings = {
				ALWAYS_SEARCH_USER_PATHS = NO;
				CLANG_ANALYZER_NONNULL = YES;
				CLANG_ANALYZER_NUMBER_OBJECT_CONVERSION = YES_AGGRESSIVE;
				CLANG_CXX_LANGUAGE_STANDARD = "gnu++0x";
				CLANG_CXX_LIBRARY = "libc++";
				CLANG_ENABLE_MODULES = YES;
				CLANG_ENABLE_OBJC_ARC = YES;
				CLANG_WARN_BOOL_CONVERSION = YES;
				CLANG_WARN_CONSTANT_CONVERSION = YES;
				CLANG_WARN_DIRECT_OBJC_ISA_USAGE = YES_ERROR;
				CLANG_WARN_DOCUMENTATION_COMMENTS = YES;
				CLANG_WARN_EMPTY_BODY = YES;
				CLANG_WARN_ENUM_CONVERSION = YES;
				CLANG_WARN_INFINITE_RECURSION = YES;
				CLANG_WARN_INT_CONVERSION = YES;
				CLANG_WARN_OBJC_ROOT_CLASS = YES_ERROR;
				CLANG_WARN_SUSPICIOUS_MOVE = YES;
				CLANG_WARN_UNREACHABLE_CODE = YES;
				CLANG_WARN__DUPLICATE_METHOD_MATCH = YES;
				"CODE_SIGN_IDENTITY[sdk=iphoneos*]" = "iPhone Developer";
				COPY_PHASE_STRIP = NO;
				DEBUG_INFORMATION_FORMAT = dwarf;
				ENABLE_STRICT_OBJC_MSGSEND = YES;
				ENABLE_TESTABILITY = YES;
				GCC_C_LANGUAGE_STANDARD = gnu99;
				GCC_DYNAMIC_NO_PIC = NO;
				GCC_NO_COMMON_BLOCKS = YES;
				GCC_OPTIMIZATION_LEVEL = 0;
				GCC_PREPROCESSOR_DEFINITIONS = (
					"DEBUG=1",
					"$(inherited)",
				);
				GCC_WARN_64_TO_32_BIT_CONVERSION = YES;
				GCC_WARN_ABOUT_RETURN_TYPE = YES_ERROR;
				GCC_WARN_UNDECLARED_SELECTOR = YES;
				GCC_WARN_UNINITIALIZED_AUTOS = YES_AGGRESSIVE;
				GCC_WARN_UNUSED_FUNCTION = YES;
				GCC_WARN_UNUSED_VARIABLE = YES;
				IPHONEOS_DEPLOYMENT_TARGET = 10.3;
				MTL_ENABLE_DEBUG_INFO = YES;
				ONLY_ACTIVE_ARCH = YES;
				OTHER_LDFLAGS = "-ObjC";
				SDKROOT = iphoneos;
				SWIFT_ACTIVE_COMPILATION_CONDITIONS = DEBUG;
				SWIFT_OPTIMIZATION_LEVEL = "-Onone";
				TARGETED_DEVICE_FAMILY = "1,2";
			};
			name = Debug;
		};
		D61486C91F58D03900FDF8A8 /* Release */ = {
			isa = XCBuildConfiguration;
			buildSettings = {
				ALWAYS_SEARCH_USER_PATHS = NO;
				CLANG_ANALYZER_NONNULL = YES;
				CLANG_ANALYZER_NUMBER_OBJECT_CONVERSION = YES_AGGRESSIVE;
				CLANG_CXX_LANGUAGE_STANDARD = "gnu++0x";
				CLANG_CXX_LIBRARY = "libc++";
				CLANG_ENABLE_MODULES = YES;
				CLANG_ENABLE_OBJC_ARC = YES;
				CLANG_WARN_BOOL_CONVERSION = YES;
				CLANG_WARN_CONSTANT_CONVERSION = YES;
				CLANG_WARN_DIRECT_OBJC_ISA_USAGE = YES_ERROR;
				CLANG_WARN_DOCUMENTATION_COMMENTS = YES;
				CLANG_WARN_EMPTY_BODY = YES;
				CLANG_WARN_ENUM_CONVERSION = YES;
				CLANG_WARN_INFINITE_RECURSION = YES;
				CLANG_WARN_INT_CONVERSION = YES;
				CLANG_WARN_OBJC_ROOT_CLASS = YES_ERROR;
				CLANG_WARN_SUSPICIOUS_MOVE = YES;
				CLANG_WARN_UNREACHABLE_CODE = YES;
				CLANG_WARN__DUPLICATE_METHOD_MATCH = YES;
				"CODE_SIGN_IDENTITY[sdk=iphoneos*]" = "iPhone Developer";
				COPY_PHASE_STRIP = NO;
				DEBUG_INFORMATION_FORMAT = "dwarf-with-dsym";
				ENABLE_NS_ASSERTIONS = NO;
				ENABLE_STRICT_OBJC_MSGSEND = YES;
				GCC_C_LANGUAGE_STANDARD = gnu99;
				GCC_NO_COMMON_BLOCKS = YES;
				GCC_WARN_64_TO_32_BIT_CONVERSION = YES;
				GCC_WARN_ABOUT_RETURN_TYPE = YES_ERROR;
				GCC_WARN_UNDECLARED_SELECTOR = YES;
				GCC_WARN_UNINITIALIZED_AUTOS = YES_AGGRESSIVE;
				GCC_WARN_UNUSED_FUNCTION = YES;
				GCC_WARN_UNUSED_VARIABLE = YES;
				IPHONEOS_DEPLOYMENT_TARGET = 10.3;
				MTL_ENABLE_DEBUG_INFO = NO;
				OTHER_LDFLAGS = "-ObjC";
				SDKROOT = iphoneos;
				SWIFT_OPTIMIZATION_LEVEL = "-Owholemodule";
				TARGETED_DEVICE_FAMILY = "1,2";
				VALIDATE_PRODUCT = YES;
			};
			name = Release;
		};
		D61486CB1F58D03900FDF8A8 /* Debug */ = {
			isa = XCBuildConfiguration;
			buildSettings = {
				ASSETCATALOG_COMPILER_APPICON_NAME = AppIcon;
				CODE_SIGN_ENTITLEMENTS = GVNG/GVNG.entitlements;
				DEVELOPMENT_TEAM = 66WC295E7G;
				FRAMEWORK_SEARCH_PATHS = (
					"$(inherited)",
					"$(PROJECT_DIR)/GVNG",
				);
				INFOPLIST_FILE = GVNG/Info.plist;
				LD_RUNPATH_SEARCH_PATHS = "$(inherited) @executable_path/Frameworks";
				OTHER_LDFLAGS = "-ObjC";
				PRODUCT_BUNDLE_IDENTIFIER = com.gvnggvng.GVNG;
				PRODUCT_NAME = "$(TARGET_NAME)";
				SWIFT_OBJC_BRIDGING_HEADER = "$(PROJECT_DIR)/$(PROJECT_NAME)-Bridging-Header.h";
				SWIFT_VERSION = 3.0;
			};
			name = Debug;
		};
		D61486CC1F58D03900FDF8A8 /* Release */ = {
			isa = XCBuildConfiguration;
			buildSettings = {
				ASSETCATALOG_COMPILER_APPICON_NAME = AppIcon;
				CODE_SIGN_ENTITLEMENTS = GVNG/GVNG.entitlements;
				DEVELOPMENT_TEAM = 66WC295E7G;
				FRAMEWORK_SEARCH_PATHS = (
					"$(inherited)",
					"$(PROJECT_DIR)/GVNG",
				);
				INFOPLIST_FILE = GVNG/Info.plist;
				LD_RUNPATH_SEARCH_PATHS = "$(inherited) @executable_path/Frameworks";
				OTHER_LDFLAGS = "-ObjC";
				PRODUCT_BUNDLE_IDENTIFIER = com.gvnggvng.GVNG;
				PRODUCT_NAME = "$(TARGET_NAME)";
				SWIFT_OBJC_BRIDGING_HEADER = "$(PROJECT_DIR)/$(PROJECT_NAME)-Bridging-Header.h";
				SWIFT_VERSION = 3.0;
			};
			name = Release;
		};
/* End XCBuildConfiguration section */

/* Begin XCConfigurationList section */
		D61486B31F58D03900FDF8A8 /* Build configuration list for PBXProject "GVNG" */ = {
			isa = XCConfigurationList;
			buildConfigurations = (
				D61486C81F58D03900FDF8A8 /* Debug */,
				D61486C91F58D03900FDF8A8 /* Release */,
			);
			defaultConfigurationIsVisible = 0;
			defaultConfigurationName = Release;
		};
		D61486CA1F58D03900FDF8A8 /* Build configuration list for PBXNativeTarget "GVNG" */ = {
			isa = XCConfigurationList;
			buildConfigurations = (
				D61486CB1F58D03900FDF8A8 /* Debug */,
				D61486CC1F58D03900FDF8A8 /* Release */,
			);
			defaultConfigurationIsVisible = 0;
			defaultConfigurationName = Release;
		};
/* End XCConfigurationList section */
	};
	rootObject = D61486B01F58D03900FDF8A8 /* Project object */;
}
